
Microsoft Visual Studio Solution File, Format Version 12.00
# Visual Studio Version 17
VisualStudioVersion = 17.5.002.0
MinimumVisualStudioVersion = 10.0.40219.1
Project("{9A19103F-16F7-4668-BE54-9A1E7A4F7556}") = "WebApp.backend", "backend\WebApp.backend.csproj", "{3019D686-045E-47F5-8D49-A9FB2CCB14DF}"
EndProject
Project("{54A90642-561A-4BB1-A94E-469ADEE60C69}") = "webapp.frontend", "frontend\webapp.frontend.esproj", "{D782E6A1-562B-4A00-A00C-C706CDC7E37B}"
EndProject
Project("{2150E333-8FDC-42A3-9474-1A3956D46DE8}") = "WebApp.db", "WebApp.db", "{99AC3BD6-6725-43A1-8D49-D0956B959340}"
	ProjectSection(SolutionItems) = preProject
		db\WebApp.sql = db\WebApp.sql
	EndProjectSection
EndProject
Global
	GlobalSection(SolutionConfigurationPlatforms) = preSolution
		Debug|Any CPU = Debug|Any CPU
		Release|Any CPU = Release|Any CPU
	EndGlobalSection
	GlobalSection(ProjectConfigurationPlatforms) = postSolution
		{3019D686-045E-47F5-8D49-A9FB2CCB14DF}.Debug|Any CPU.ActiveCfg = Debug|Any CPU
		{3019D686-045E-47F5-8D49-A9FB2CCB14DF}.Debug|Any CPU.Build.0 = Debug|Any CPU
		{3019D686-045E-47F5-8D49-A9FB2CCB14DF}.Release|Any CPU.ActiveCfg = Release|Any CPU
		{3019D686-045E-47F5-8D49-A9FB2CCB14DF}.Release|Any CPU.Build.0 = Release|Any CPU
		{D782E6A1-562B-4A00-A00C-C706CDC7E37B}.Debug|Any CPU.ActiveCfg = Debug|Any CPU
		{D782E6A1-562B-4A00-A00C-C706CDC7E37B}.Debug|Any CPU.Build.0 = Debug|Any CPU
		{D782E6A1-562B-4A00-A00C-C706CDC7E37B}.Debug|Any CPU.Deploy.0 = Debug|Any CPU
		{D782E6A1-562B-4A00-A00C-C706CDC7E37B}.Release|Any CPU.ActiveCfg = Release|Any CPU
		{D782E6A1-562B-4A00-A00C-C706CDC7E37B}.Release|Any CPU.Build.0 = Release|Any CPU
		{D782E6A1-562B-4A00-A00C-C706CDC7E37B}.Release|Any CPU.Deploy.0 = Release|Any CPU
	EndGlobalSection
	GlobalSection(SolutionProperties) = preSolution
		HideSolutionNode = FALSE
	EndGlobalSection
	GlobalSection(ExtensibilityGlobals) = postSolution
		SolutionGuid = {3188D6C9-9199-409F-8D3B-48E90F35BED9}
	EndGlobalSection
EndGlobal
